
Microsoft Visual Studio Solution File, Format Version 12.00
# Visual Studio 2012
Project("{FAE04EC0-301F-11D3-BF4B-00C04F79EFBC}") = "ConwayLifeLINQ", "ConwayLifeLINQ\ConwayLifeLINQ.csproj", "{7BB0A2D3-47F1-4D7E-8E77-61C9ADEBEE07}"
EndProject
Project("{FAE04EC0-301F-11D3-BF4B-00C04F79EFBC}") = "ConwayLifeLINQTests", "ConwayLifeLINQTests\ConwayLifeLINQTests.csproj", "{07333869-2361-4676-9F86-0CC8EB46553C}"
EndProject
Global
	GlobalSection(SolutionConfigurationPlatforms) = preSolution
		Debug|Any CPU = Debug|Any CPU
		Release|Any CPU = Release|Any CPU
	EndGlobalSection
	GlobalSection(ProjectConfigurationPlatforms) = postSolution
		{7BB0A2D3-47F1-4D7E-8E77-61C9ADEBEE07}.Debug|Any CPU.ActiveCfg = Debug|Any CPU
		{7BB0A2D3-47F1-4D7E-8E77-61C9ADEBEE07}.Debug|Any CPU.Build.0 = Debug|Any CPU
		{7BB0A2D3-47F1-4D7E-8E77-61C9ADEBEE07}.Release|Any CPU.ActiveCfg = Release|Any CPU
		{7BB0A2D3-47F1-4D7E-8E77-61C9ADEBEE07}.Release|Any CPU.Build.0 = Release|Any CPU
		{07333869-2361-4676-9F86-0CC8EB46553C}.Debug|Any CPU.ActiveCfg = Debug|Any CPU
		{07333869-2361-4676-9F86-0CC8EB46553C}.Debug|Any CPU.Build.0 = Debug|Any CPU
		{07333869-2361-4676-9F86-0CC8EB46553C}.Release|Any CPU.ActiveCfg = Release|Any CPU
		{07333869-2361-4676-9F86-0CC8EB46553C}.Release|Any CPU.Build.0 = Release|Any CPU
	EndGlobalSection
	GlobalSection(SolutionProperties) = preSolution
		HideSolutionNode = FALSE
	EndGlobalSection
EndGlobal
